golang.org/x/crypto v0.17.0 h1:EoDHKm20+t/54kQ4f3G/U/4mO3qJ0w8R3vM0p1kK3NM=
golang.org/x/crypto v0.17.0/go.mod h1:o3QGXB/kTFbrJFwP/pnhyP6jE9U8hQm+84Qe1F5XLmU=
golang.org/x/net v0.17.0 h1:QwWlS/S9QZgKq4u+JmK8Wn2oVB+a5U5HqzH99X8wUJE=
golang.org/x/net v0.17.0/go.mod h1:CG+ywc0KjkKXqDGRqH8KCXJZuW2RmpK9e+qWMLW4QEo=
golang.org/x/sys v0.15.0 h1:aJlA2yGt1cT69LOSfU5J1t0WpdL38aL9ixsUeY/gD44=
golang.org/x/sys v0.15.0/go.mod h1:h1NjWce9XbzoIER5Qm9k1jxckyP0iCGl3iPpQ77apio=
golang.org/x/text v0.14.0 h1:LOU5bJ0Wjb1RkOoQmcj7eU6g1QtqSBajC18n+9T3wYU=
golang.org/x/text v0.14.0/go.mod h1:N+C6R434EJzuW1U6PeOCbcF0Ke3j8v/tgvMLgqVzGtc=
github.com/gin-gonic/gin v1.9.1 h1:tz5AqUDTSZg1vT6muAUZYu9egdtW+J0jyPWw/QT/Tkc=
github.com/gin-gonic/gin v1.9.1/go.mod h1:wD0SQv4lc2+NGnS08/jsjjv0hCqSEwmP6K2vKzGtKlg=
github.com/go-playground/locales v0.14.1 h1:Jq7w7tKn9wbhqKyo0SreK4qEl2l+RjjgCt+w1iK0qJg=
github.com/go-playground/locales v0.14.1/go.mod h1:30K9Unz7gJq+oJgUnALx2w7W5XNlcoKqU4tl2inY/y4=
github.com/go-playground/universal-translator v0.18.1 h1:KfwHdtXbgV4eEEQj7FknmRjW11Qt/LjwVvLm2sE6SAs=
github.com/go-playground/universal-translator v0.18.1/go.mod h1:rOKY01Z26mQ0J7TTQz4QnN6uu6Pz591K5+xl3630K5c=
github.com/go-playground/validator/v10 v10.15.5 h1:qBIQtq+Q9iWZY45q/wW4FGZHw96H+c09W1Q85H0jC3I=
github.com/go-playground/validator/v10 v10.15.5/go.mod h1:F5B4+4Q9bC1t9pq3i36F8Q59c/V3Xhj0i90N42VpCZY=
github.com/google/uuid v1.4.0 h1:wZIa5MoyuuvwR/w2E+2j9BMe98K4aP2/l6EH8DQ3b1Y=
github.com/google/uuid v1.4.0/go.mod h1:TIyP9t6gd9rqPYfMUXoksp+ZwcgmELFFjjwDWqK4YlM=
github.com/gorilla/mux v1.8.0 h1:j1J4Q/VjH5jE4wW2QtR+CI1p1VRp3mJdf9Z/3v+eJ9w=
github.com/gorilla/mux v1.8.0/go.mod h1:U46LlzjQKBmeUcqQW6fVxux1jzf4txKwq9DULQenkpw=
github.com/joho/godotenv v1.5.1 h1:fHUvLTDyGkwRjU5jVhm97/y8yP8OnV4p59xI0x558Tc=
github.com/joho/godotenv v1.5.1/go.mod h1:jYfnJh0L60F33qQWqK0bQ+1GmhY6YCRdLcLQ80cYSVk=
gorm.io/driver/postgres v1.5.4 h1:j/tN0E/586G0WjW9gT+2gM6Fm+r0/W4v+zH6TfJq8fQ=
gorm.io/driver/postgres v1.5.4/go.mod h1:jo4D/h040X4kOaN/bJ2z7L8vB6F71rjsg7vj+s2t58I=
gorm.io/gorm v1.25.5 h1:19mIq99vGzJgPYn7t29NnK981s0PzL/G89uFk3w/Uq8=
gorm.io/gorm v1.25.5/go.mod h1:K4e/bK6j6dYvPU9M5dY03x/C6hJ3uYQ3W+0Ujln5r2A=